<?xml version="1.0" encoding="UTF-8"?>
<Scheme
   LastUpgradeVersion = "2650"
   version = "1.7">
   <BuildAction
      parallelizeBuildables = "YES"
      buildImplicitDependencies = "YES">
      <BuildActionEntries>
         <BuildActionEntry
            buildForTesting = "YES"
            buildForRunning = "YES"
            buildForProfiling = "NO"
            buildForArchiving = "NO"
            buildForAnalyzing = "YES">
            <BuildableReference
               BuildableIdentifier = "primary"
               BlueprintIdentifier = "000000000000000000000010"
               BuildableName = "AsturIOSAgentHost.app"
               BlueprintName = "AsturIOSAgentHost"
               ReferencedContainer = "container:AsturIOSAgent.xcodeproj">
            </BuildableReference>
         </BuildActionEntry>
         <BuildActionEntry
            buildForTesting = "YES"
            buildForRunning = "NO"
            buildForProfiling = "NO"
            buildForArchiving = "NO"
            buildForAnalyzing = "YES">
            <BuildableReference
               BuildableIdentifier = "primary"
               BlueprintIdentifier = "000000000000000000000011"
               BuildableName = "AsturIOSAgentUITests.xctest"
               BlueprintName = "AsturIOSAgentUITests"
               ReferencedContainer = "container:AsturIOSAgent.xcodeproj">
            </BuildableReference>
         </BuildActionEntry>
      </BuildActionEntries>
   </BuildAction>
   <TestAction
      buildConfiguration = "Debug"
      selectedDebuggerIdentifier = "Xcode.DebuggerFoundation.Debugger.LLDB"
      selectedLauncherIdentifier = "Xcode.DebuggerFoundation.Launcher.LLDB"
      shouldUseLaunchSchemeArgsEnv = "YES">
      <Testables>
         <TestableReference
            skipped = "NO">
            <BuildableReference
               BuildableIdentifier = "primary"
               BlueprintIdentifier = "000000000000000000000011"
               BuildableName = "AsturIOSAgentUITests.xctest"
               BlueprintName = "AsturIOSAgentUITests"
               ReferencedContainer = "container:AsturIOSAgent.xcodeproj">
            </BuildableReference>
         </TestableReference>
      </Testables>
      <MacroExpansion>
         <BuildableReference
            BuildableIdentifier = "primary"
            BlueprintIdentifier = "000000000000000000000010"
            BuildableName = "AsturIOSAgentHost.app"
            BlueprintName = "AsturIOSAgentHost"
            ReferencedContainer = "container:AsturIOSAgent.xcodeproj">
         </BuildableReference>
      </MacroExpansion>
      <EnvironmentVariables>
         <EnvironmentVariable
            key = "ASTUR_AUT_BUNDLE_ID"
            value = "$(ASTUR_AUT_BUNDLE_ID)"
            isEnabled = "YES">
         </EnvironmentVariable>
         <EnvironmentVariable
            key = "ASTUR_AUT_LAUNCH"
            value = "$(ASTUR_AUT_LAUNCH)"
            isEnabled = "YES">
         </EnvironmentVariable>
         <EnvironmentVariable
            key = "ASTUR_IOS_AGENT_BRIDGE_URL"
            value = "$(ASTUR_IOS_AGENT_BRIDGE_URL)"
            isEnabled = "YES">
         </EnvironmentVariable>
         <EnvironmentVariable
            key = "ASTUR_IOS_AGENT_PORT"
            value = "$(ASTUR_IOS_AGENT_PORT)"
            isEnabled = "YES">
         </EnvironmentVariable>
      </EnvironmentVariables>
   </TestAction>
   <LaunchAction
      buildConfiguration = "Debug"
      selectedDebuggerIdentifier = "Xcode.DebuggerFoundation.Debugger.LLDB"
      selectedLauncherIdentifier = "Xcode.DebuggerFoundation.Launcher.LLDB"
      launchStyle = "0"
      useCustomWorkingDirectory = "NO"
      ignoresPersistentStateOnLaunch = "NO"
      debugDocumentVersioning = "YES"
      debugServiceExtension = "internal"
      allowLocationSimulation = "YES">
      <BuildableProductRunnable
         runnableDebuggingMode = "0">
         <BuildableReference
            BuildableIdentifier = "primary"
            BlueprintIdentifier = "000000000000000000000010"
            BuildableName = "AsturIOSAgentHost.app"
            BlueprintName = "AsturIOSAgentHost"
            ReferencedContainer = "container:AsturIOSAgent.xcodeproj">
         </BuildableReference>
      </BuildableProductRunnable>
   </LaunchAction>
   <ProfileAction
      buildConfiguration = "Release"
      shouldUseLaunchSchemeArgsEnv = "YES"
      savedToolIdentifier = ""
      useCustomWorkingDirectory = "NO"
      debugDocumentVersioning = "YES">
      <BuildableProductRunnable
         runnableDebuggingMode = "0">
         <BuildableReference
            BuildableIdentifier = "primary"
            BlueprintIdentifier = "000000000000000000000010"
            BuildableName = "AsturIOSAgentHost.app"
            BlueprintName = "AsturIOSAgentHost"
            ReferencedContainer = "container:AsturIOSAgent.xcodeproj">
         </BuildableReference>
      </BuildableProductRunnable>
   </ProfileAction>
   <AnalyzeAction
      buildConfiguration = "Debug">
   </AnalyzeAction>
   <ArchiveAction
      buildConfiguration = "Release"
      revealArchiveInOrganizer = "YES">
   </ArchiveAction>
</Scheme>
